<?xml version="1.0" encoding="utf-8"?>
<Project ToolsVersion="4.0" xmlns="http://schemas.microsoft.com/developer/msbuild/2003">
  <ItemGroup>
    <Filter Include="Source Files">
      <UniqueIdentifier>{4FC737F1-C7A5-4376-A066-2A32D752A2FF}</UniqueIdentifier>
      <Extensions>cpp;c;cc;cxx;c++;cppm;ixx;def;odl;idl;hpj;bat;asm;asmx</Extensions>
    </Filter>
    <Filter Include="Header Files">
      <UniqueIdentifier>{93995380-89BD-4b04-88EB-625FBE52EBFB}</UniqueIdentifier>
      <Extensions>h;hh;hpp;hxx;h++;hm;inl;inc;ipp;xsd</Extensions>
    </Filter>
    <Filter Include="Resource Files">
      <UniqueIdentifier>{67DA6AB6-F800-4c08-8B7A-83BB121AAD01}</UniqueIdentifier>
      <Extensions>rc;ico;cur;bmp;dlg;rc2;rct;bin;rgs;gif;jpg;jpeg;jpe;resx;tiff;tif;png;wav;mfcribbon-ms</Extensions>
    </Filter>
    <Filter Include="Header Files\CellOccupants">
      <UniqueIdentifier>{6b5f1f6e-c108-47fc-b8ba-bcbfa3193e0a}</UniqueIdentifier>
    </Filter>
    <Filter Include="Source Files\CellOccupants">
      <UniqueIdentifier>{0722bf34-b0d0-4786-aeb9-5054da62a8bd}</UniqueIdentifier>
    </Filter>
    <Filter Include="Source Files\Items">
      <UniqueIdentifier>{56365c4e-4c54-4ac8-96d6-36b41ef35ef1}</UniqueIdentifier>
    </Filter>
    <Filter Include="Header Files\Items">
      <UniqueIdentifier>{f4ecc1c7-6d02-49fb-aceb-1d6ecf08c375}</UniqueIdentifier>
    </Filter>
  </ItemGroup>
  <ItemGroup>
    <ClCompile Include="source\Cell.cpp">
      <Filter>Source Files</Filter>
    </ClCompile>
    <ClCompile Include="source\Character\Character.cpp">
      <Filter>Source Files</Filter>
    </ClCompile>
    <ClCompile Include="source\DriverA1.cpp">
      <Filter>Source Files</Filter>
    </ClCompile>
    <ClCompile Include="source\Map.cpp">
      <Filter>Source Files</Filter>
    </ClCompile>
    <ClCompile Include="source\CellOccupants\CellOccupant.cpp">
      <Filter>Source Files\CellOccupants</Filter>
    </ClCompile>
    <ClCompile Include="source\CellOccupants\Chest.cpp">
      <Filter>Source Files\CellOccupants</Filter>
    </ClCompile>
    <ClCompile Include="source\CellOccupants\Door.cpp">
      <Filter>Source Files\CellOccupants</Filter>
    </ClCompile>
    <ClCompile Include="source\CellOccupants\Enemy.cpp">
      <Filter>Source Files\CellOccupants</Filter>
    </ClCompile>
    <ClCompile Include="source\Vector2.cpp">
      <Filter>Source Files</Filter>
    </ClCompile>
    <ClCompile Include="source\Items\Armor.cpp">
      <Filter>Source Files\Items</Filter>
    </ClCompile>
    <ClCompile Include="source\Items\Belt.cpp">
      <Filter>Source Files\Items</Filter>
    </ClCompile>
    <ClCompile Include="source\Items\Boots.cpp">
      <Filter>Source Files\Items</Filter>
    </ClCompile>
    <ClCompile Include="source\Items\Helmet.cpp">
      <Filter>Source Files\Items</Filter>
    </ClCompile>
    <ClCompile Include="source\Items\Item.cpp">
      <Filter>Source Files\Items</Filter>
    </ClCompile>
    <ClCompile Include="source\Items\ItemContainer.cpp">
      <Filter>Source Files\Items</Filter>
    </ClCompile>
    <ClCompile Include="source\Items\Ring.cpp">
      <Filter>Source Files\Items</Filter>
    </ClCompile>
    <ClCompile Include="source\Items\Shield.cpp">
      <Filter>Source Files\Items</Filter>
    </ClCompile>
    <ClCompile Include="source\Items\Weapon.cpp">
      <Filter>Source Files\Items</Filter>
    </ClCompile>
    <ClCompile Include="source\Character\CharStats.cpp">
      <Filter>Source Files</Filter>
    </ClCompile>
    <ClCompile Include="source\Dice.cpp">
      <Filter>Source Files</Filter>
    </ClCompile>
    <ClCompile Include="source\DriverA2.cpp">
      <Filter>Source Files</Filter>
    </ClCompile>
    <ClCompile Include="source\Campaign.cpp">
      <Filter>Source Files</Filter>
    </ClCompile>
    <ClCompile Include="source\CampaignManager.cpp">
      <Filter>Source Files</Filter>
    </ClCompile>
    <ClCompile Include="source\ConcreteMapObserver.cpp">
      <Filter>Source Files</Filter>
    </ClCompile>
    <ClCompile Include="source\MapBuilder.cpp">
      <Filter>Source Files</Filter>
    </ClCompile>
    <ClCompile Include="source\Character\CharacterObserver.cpp">
      <Filter>Source Files</Filter>
    </ClCompile>
    <ClCompile Include="source\GameManager.cpp">
      <Filter>Source Files</Filter>
    </ClCompile>
    <ClCompile Include="source\Actor.cpp">
      <Filter>Source Files</Filter>
    </ClCompile>
    <ClCompile Include="source\Strategies\TurnStrategy.cpp">
      <Filter>Source Files</Filter>
    </ClCompile>
    <ClCompile Include="source\Strategies\AggressorStrategy.cpp">
      <Filter>Source Files</Filter>
    </ClCompile>
    <ClCompile Include="source\Strategies\FriendlyStrategy.cpp">
      <Filter>Source Files</Filter>
    </ClCompile>
    <ClCompile Include="source\Strategies\HumanPlayerStrategy.cpp">
      <Filter>Source Files</Filter>
    </ClCompile>
    <ClCompile Include="source\Driver4.cpp">
      <Filter>Source Files</Filter>
    </ClCompile>
    <ClCompile Include="source\Driver.cpp">
      <Filter>Source Files</Filter>
    </ClCompile>
    <ClCompile Include="source\CharacterLogger.cpp">
      <Filter>Source Files</Filter>
    </ClCompile>
    <ClCompile Include="source\DiceLogger.cpp">
      <Filter>Source Files</Filter>
    </ClCompile>
    <ClCompile Include="source\DriverCharacterBuilder.cpp">
      <Filter>Source Files</Filter>
    </ClCompile>
    <ClCompile Include="source\GameLoggerSubject.cpp">
      <Filter>Source Files</Filter>
    </ClCompile>
    <ClCompile Include="source\GameManagerLogger.cpp">
      <Filter>Source Files</Filter>
    </ClCompile>
    <ClCompile Include="source\MapLogger.cpp">
      <Filter>Source Files</Filter>
    </ClCompile>
    <ClCompile Include="source\CellOccupants\Loot.cpp">
      <Filter>Source Files</Filter>
    </ClCompile>
    <ClCompile Include="source\Character\CharacterCreator.cpp">
      <Filter>Source Files</Filter>
    </ClCompile>
  </ItemGroup>
  <ItemGroup>
    <ClInclude Include="headers\Character\Character.h">
      <Filter>Header Files</Filter>
    </ClInclude>
    <ClInclude Include="headers\Map.h">
      <Filter>Header Files</Filter>
    </ClInclude>
    <ClInclude Include="headers\Vector2.h">
      <Filter>Header Files</Filter>
    </ClInclude>
    <ClInclude Include="headers\Cell.h">
      <Filter>Header Files</Filter>
    </ClInclude>
    <ClInclude Include="headers\CellOccupants\Chest.h">
      <Filter>Header Files\CellOccupants</Filter>
    </ClInclude>
    <ClInclude Include="headers\CellOccupants\Door.h">
      <Filter>Header Files\CellOccupants</Filter>
    </ClInclude>
    <ClInclude Include="headers\CellOccupants\Enemy.h">
      <Filter>Header Files\CellOccupants</Filter>
    </ClInclude>
    <ClInclude Include="headers\CellOccupants\CellOccupant.h">
      <Filter>Header Files\CellOccupants</Filter>
    </ClInclude>
    <ClInclude Include="headers\Items\Armor.h">
      <Filter>Header Files\Items</Filter>
    </ClInclude>
    <ClInclude Include="headers\Items\Belt.h">
      <Filter>Header Files\Items</Filter>
    </ClInclude>
    <ClInclude Include="headers\Items\Boots.h">
      <Filter>Header Files\Items</Filter>
    </ClInclude>
    <ClInclude Include="headers\Items\Helmet.h">
      <Filter>Header Files\Items</Filter>
    </ClInclude>
    <ClInclude Include="headers\Items\Item.h">
      <Filter>Header Files\Items</Filter>
    </ClInclude>
    <ClInclude Include="headers\Items\ItemContainer.h">
      <Filter>Header Files\Items</Filter>
    </ClInclude>
    <ClInclude Include="headers\Items\Ring.h">
      <Filter>Header Files\Items</Filter>
    </ClInclude>
    <ClInclude Include="headers\Items\Shield.h">
      <Filter>Header Files\Items</Filter>
    </ClInclude>
    <ClInclude Include="headers\Items\Weapon.h">
      <Filter>Header Files\Items</Filter>
    </ClInclude>
    <ClInclude Include="headers\Character\CharStats.h">
      <Filter>Header Files</Filter>
    </ClInclude>
    <ClInclude Include="headers\Campaign.h">
      <Filter>Header Files</Filter>
    </ClInclude>
    <ClInclude Include="headers\ConcreteMapObserver.h">
      <Filter>Header Files</Filter>
    </ClInclude>
    <ClInclude Include="headers\MapObserver.h">
      <Filter>Header Files</Filter>
    </ClInclude>
    <ClInclude Include="headers\Dice.h">
      <Filter>Header Files</Filter>
    </ClInclude>
    <ClInclude Include="headers\Items\ItemSub.h">
      <Filter>Header Files</Filter>
    </ClInclude>
    <ClInclude Include="headers\MapBuilder.h">
      <Filter>Header Files</Filter>
    </ClInclude>
    <ClInclude Include="headers\MapInterface.h">
      <Filter>Header Files</Filter>
    </ClInclude>
    <ClInclude Include="headers\CampaignManager.h">
      <Filter>Header Files</Filter>
    </ClInclude>
    <ClInclude Include="headers\GameManager.h">
      <Filter>Header Files</Filter>
    </ClInclude>
    <ClInclude Include="headers\Character\CharacterObserver.h">
      <Filter>Header Files</Filter>
    </ClInclude>
    <ClInclude Include="headers\Actor.h">
      <Filter>Header Files</Filter>
    </ClInclude>
    <ClInclude Include="headers\Strategies\TurnStrategy.h">
      <Filter>Header Files</Filter>
    </ClInclude>
    <ClInclude Include="headers\Strategies\AggressorStrategy.h">
      <Filter>Header Files</Filter>
    </ClInclude>
    <ClInclude Include="headers\Strategies\FriendlyStrategy.h">
      <Filter>Header Files</Filter>
    </ClInclude>
    <ClInclude Include="headers\Strategies\HumanPlayerStrategy.h">
      <Filter>Header Files</Filter>
    </ClInclude>
    <ClInclude Include="headers\CharacterLogger.h">
      <Filter>Header Files</Filter>
    </ClInclude>
    <ClInclude Include="headers\DiceLogger.h">
      <Filter>Header Files</Filter>
    </ClInclude>
    <ClInclude Include="headers\GameLoggerObserver.h">
      <Filter>Header Files</Filter>
    </ClInclude>
    <ClInclude Include="headers\GameLoggerSubject.h">
      <Filter>Header Files</Filter>
    </ClInclude>
    <ClInclude Include="headers\GameManagerLogger.h">
      <Filter>Header Files</Filter>
    </ClInclude>
    <ClInclude Include="headers\MapLogger.h">
      <Filter>Header Files</Filter>
    </ClInclude>
    <ClInclude Include="headers\CellOccupants\Loot.h">
      <Filter>Header Files</Filter>
    </ClInclude>
    <ClInclude Include="headers\Character\CharacterCreator.h">
      <Filter>Header Files</Filter>
    </ClInclude>
  </ItemGroup>
  <ItemGroup>
    <Text Include="source\UserCreatedMaps\MapContents.txt" />
    <Text Include="source\UserCreatedMaps\MapSaved.txt" />
    <Text Include="source\UserCreatedMaps\testMap.txt" />
  </ItemGroup>
</Project>